
Microsoft Visual Studio Solution File, Format Version 12.00
# Visual Studio Version 17
VisualStudioVersion = 17.5.002.0
MinimumVisualStudioVersion = 10.0.40219.1
Project("{9A19103F-16F7-4668-BE54-9A1E7A4F7556}") = "BOL", "BOL.csproj", "{DD6DC3A1-3862-403A-BB78-C3C38D0FEB77}"
EndProject
Global
	GlobalSection(SolutionConfigurationPlatforms) = preSolution
		Debug|Any CPU = Debug|Any CPU
		Release|Any CPU = Release|Any CPU
	EndGlobalSection
	GlobalSection(ProjectConfigurationPlatforms) = postSolution
		{DD6DC3A1-3862-403A-BB78-C3C38D0FEB77}.Debug|Any CPU.ActiveCfg = Debug|Any CPU
		{DD6DC3A1-3862-403A-BB78-C3C38D0FEB77}.Debug|Any CPU.Build.0 = Debug|Any CPU
		{DD6DC3A1-3862-403A-BB78-C3C38D0FEB77}.Release|Any CPU.ActiveCfg = Release|Any CPU
		{DD6DC3A1-3862-403A-BB78-C3C38D0FEB77}.Release|Any CPU.Build.0 = Release|Any CPU
	EndGlobalSection
	GlobalSection(SolutionProperties) = preSolution
		HideSolutionNode = FALSE
	EndGlobalSection
	GlobalSection(ExtensibilityGlobals) = postSolution
		SolutionGuid = {6ED34A9D-E18C-4C60-90E9-190CED627B74}
	EndGlobalSection
EndGlobal
